
Microsoft Visual Studio Solution File, Format Version 12.00
#
Project("{FAE04EC0-301F-11D3-BF4B-00C04F79EFBC}") = "Astrolabe.Common", "Astrolabe.Common\Astrolabe.Common.csproj", "{89795D0C-1C96-4DB4-B663-5D0529A43CFA}"
EndProject
Project("{FAE04EC0-301F-11D3-BF4B-00C04F79EFBC}") = "Astrolabe.TestTemplate", "Astrolabe.TestTemplate\Astrolabe.TestTemplate.csproj", "{8241904A-41CC-4237-938E-8D46871CDDA0}"
EndProject
Project("{FAE04EC0-301F-11D3-BF4B-00C04F79EFBC}") = "Astrolabe.JSON", "Astrolabe.JSON\Astrolabe.JSON.csproj", "{E9BE0EAE-0C99-438D-9D47-EAAC8699EE0F}"
EndProject
Project("{FAE04EC0-301F-11D3-BF4B-00C04F79EFBC}") = "Astrolabe.Schemas", "Astrolabe.Schemas\Astrolabe.Schemas.csproj", "{39C9C809-8975-4EF9-92A8-1D59F19E5172}"
EndProject
Project("{FAE04EC0-301F-11D3-BF4B-00C04F79EFBC}") = "Astrolabe.CodeGen", "Astrolabe.CodeGen\Astrolabe.CodeGen.csproj", "{D82D4F5A-7D6E-4715-AE19-EDB97A98FDAA}"
EndProject
Project("{FAE04EC0-301F-11D3-BF4B-00C04F79EFBC}") = "Astrolabe.Annotation", "Astrolabe.Annotation\Astrolabe.Annotation.csproj", "{80E5A635-030B-48E3-AE5B-471618DB85B6}"
EndProject
Project("{FAE04EC0-301F-11D3-BF4B-00C04F79EFBC}") = "Astrolabe.ColumnEditor", "Astrolabe.ColumnEditor\Astrolabe.ColumnEditor.csproj", "{9A627442-9D3D-4CBC-AA7E-0C717FDAB7AE}"
EndProject
Project("{FAE04EC0-301F-11D3-BF4B-00C04F79EFBC}") = "Astrolabe.ColumnEditor.Excel", "Astrolabe.ColumnEditor.Excel\Astrolabe.ColumnEditor.Excel.csproj", "{57C4F00D-4FAD-4060-9D7B-E17F0B8B44E4}"
EndProject
Project("{FAE04EC0-301F-11D3-BF4B-00C04F79EFBC}") = "Astrolabe.ColumnEditor.NewtonsoftJson", "Astrolabe.ColumnEditor.NewtonsoftJson\Astrolabe.ColumnEditor.NewtonsoftJson.csproj", "{9822A921-E98D-4355-94D3-0FF2367049FA}"
EndProject
Project("{FAE04EC0-301F-11D3-BF4B-00C04F79EFBC}") = "Astrolabe.ColumnEditor.STJ", "Astrolabe.ColumnEditor.STJ\Astrolabe.ColumnEditor.STJ.csproj", "{91F1D5DA-B246-47A3-AA3D-3625C7997B9F}"
EndProject
Project("{FAE04EC0-301F-11D3-BF4B-00C04F79EFBC}") = "Astrolabe.Email", "Astrolabe.Email\Astrolabe.Email.csproj", "{2802A9F0-1671-4FA9-855F-81ED59FA5CB8}"
EndProject
Project("{FAE04EC0-301F-11D3-BF4B-00C04F79EFBC}") = "Astrolabe.LocalUsers", "Astrolabe.LocalUsers\Astrolabe.LocalUsers.csproj", "{A4319F58-B8C9-4E60-8BF8-C126432528C5}"
EndProject
Project("{FAE04EC0-301F-11D3-BF4B-00C04F79EFBC}") = "Astrolabe.Schemas.CodeGen", "Astrolabe.Schemas.CodeGen\Astrolabe.Schemas.CodeGen.csproj", "{55314A9C-5A80-4973-9814-5C9C4EC68163}"
EndProject
Project("{FAE04EC0-301F-11D3-BF4B-00C04F79EFBC}") = "Astrolabe.Web.Common", "Astrolabe.Web.Common\Astrolabe.Web.Common.csproj", "{FDB973E9-3ED8-46A4-BB56-99B706BB50BB}"
EndProject
Project("{FAE04EC0-301F-11D3-BF4B-00C04F79EFBC}") = "Astrolabe.Workflow", "Astrolabe.Workflow\Astrolabe.Workflow.csproj", "{602932A6-FAFD-43E9-BEF9-3C8AEE673A7B}"
EndProject
Project("{FAE04EC0-301F-11D3-BF4B-00C04F79EFBC}") = "Astrolabe.Validation", "Astrolabe.Validation\Astrolabe.Validation.csproj", "{AF0FA595-8CE6-4914-AD65-9F1275D16F9E}"
EndProject
Project("{FAE04EC0-301F-11D3-BF4B-00C04F79EFBC}") = "Astrolabe.Evaluator", "Astrolabe.Evaluator\Astrolabe.Evaluator.csproj", "{581E6CEE-70E2-4311-8B0D-E18A49C6F4D1}"
EndProject
Project("{FAE04EC0-301F-11D3-BF4B-00C04F79EFBC}") = "Astrolabe.EF.Search", "Astrolabe.EF.Search\Astrolabe.EF.Search.csproj", "{5AA0BA80-45C9-4A26-8003-06C6AC2D552A}"
EndProject
Project("{FAE04EC0-301F-11D3-BF4B-00C04F79EFBC}") = "Astrolabe.SearchState", "Astrolabe.SearchState\Astrolabe.SearchState.csproj", "{1D0E1047-6A44-43F9-B187-B62F5C97DD44}"
EndProject
Project("{FAE04EC0-301F-11D3-BF4B-00C04F79EFBC}") = "Astrolabe.Schemas.PDF", "Astrolabe.Schemas.PDF\Astrolabe.Schemas.PDF.csproj", "{AEAD021F-DE24-44EC-B731-D5E2DEA958D7}"
EndProject
Project("{FAE04EC0-301F-11D3-BF4B-00C04F79EFBC}") = "Astrolabe.Patch", "Astrolabe.Patch\Astrolabe.Patch.csproj", "{2C923459-B0E3-45E2-A7DC-717C3627DFB3}"
EndProject
Project("{FAE04EC0-301F-11D3-BF4B-00C04F79EFBC}") = "Astrolabe.Schemas.ExportCsv", "Astrolabe.Schemas.ExportCsv\Astrolabe.Schemas.ExportCsv.csproj", "{157332EA-6CF8-4633-98C7-96D69C8FA55C}"
EndProject
Project("{FAE04EC0-301F-11D3-BF4B-00C04F79EFBC}") = "Astrolabe.Controls", "Astrolabe.Controls\Astrolabe.Controls.csproj", "{A8135275-E301-4327-8E92-ABBBF0D99577}"
EndProject
Project("{FAE04EC0-301F-11D3-BF4B-00C04F79EFBC}") = "Astrolabe.Common.Tests", "Astrolabe.Common.Tests\Astrolabe.Common.Tests.csproj", "{3484B8EA-D09B-4C24-9370-CC69EE8EBDFA}"
EndProject
Project("{FAE04EC0-301F-11D3-BF4B-00C04F79EFBC}") = "Astrolabe.Evaluator.Test", "Astrolabe.Evaluator.Test\Astrolabe.Evaluator.Test.csproj", "{BE4E5A86-989B-4C05-8448-FD8043E9959D}"
EndProject
Project("{FAE04EC0-301F-11D3-BF4B-00C04F79EFBC}") = "Astrolabe.FileStorage", "Astrolabe.FileStorage\Astrolabe.FileStorage.csproj", "{D43CD9B3-2852-4AF5-96F9-DD94E3C46B9F}"
EndProject
Project("{FAE04EC0-301F-11D3-BF4B-00C04F79EFBC}") = "Astrolabe.FileStorage.Azure", "Astrolabe.FileStorage.Azure\Astrolabe.FileStorage.Azure.csproj", "{8B626EC9-B181-438C-8F26-AF7860FE564A}"
EndProject
Project("{FAE04EC0-301F-11D3-BF4B-00C04F79EFBC}") = "Astrolabe.Schemas.PDF.Tests", "Astrolabe.Schemas.PDF.Tests\Astrolabe.Schemas.PDF.Tests.csproj", "{23A4A1DB-0490-48B9-A10F-E3B849EF2D2D}"
EndProject
Project("{FAE04EC0-301F-11D3-BF4B-00C04F79EFBC}") = "Astrolabe.Schemas.Tests", "Astrolabe.Schemas.Tests\Astrolabe.Schemas.Tests.csproj", "{ADC333D5-E145-476A-9FB0-DEADAB984125}"
EndProject
Project("{FAE04EC0-301F-11D3-BF4B-00C04F79EFBC}") = "Astrolabe.Validation.Tests", "Astrolabe.Validation.Tests\Astrolabe.Validation.Tests.csproj", "{277AD50B-84B8-4EE5-B0DF-0EC1058231FF}"
EndProject
Global
	GlobalSection(SolutionConfigurationPlatforms) = preSolution
		Debug|Any CPU = Debug|Any CPU
		Release|Any CPU = Release|Any CPU
	EndGlobalSection
	GlobalSection(ProjectConfigurationPlatforms) = postSolution
		{89795D0C-1C96-4DB4-B663-5D0529A43CFA}.Debug|Any CPU.ActiveCfg = Debug|Any CPU
		{89795D0C-1C96-4DB4-B663-5D0529A43CFA}.Debug|Any CPU.Build.0 = Debug|Any CPU
		{89795D0C-1C96-4DB4-B663-5D0529A43CFA}.Release|Any CPU.ActiveCfg = Release|Any CPU
		{89795D0C-1C96-4DB4-B663-5D0529A43CFA}.Release|Any CPU.Build.0 = Release|Any CPU
		{8241904A-41CC-4237-938E-8D46871CDDA0}.Debug|Any CPU.ActiveCfg = Debug|Any CPU
		{8241904A-41CC-4237-938E-8D46871CDDA0}.Debug|Any CPU.Build.0 = Debug|Any CPU
		{8241904A-41CC-4237-938E-8D46871CDDA0}.Release|Any CPU.ActiveCfg = Release|Any CPU
		{8241904A-41CC-4237-938E-8D46871CDDA0}.Release|Any CPU.Build.0 = Release|Any CPU
		{E9BE0EAE-0C99-438D-9D47-EAAC8699EE0F}.Debug|Any CPU.ActiveCfg = Debug|Any CPU
		{E9BE0EAE-0C99-438D-9D47-EAAC8699EE0F}.Debug|Any CPU.Build.0 = Debug|Any CPU
		{E9BE0EAE-0C99-438D-9D47-EAAC8699EE0F}.Release|Any CPU.ActiveCfg = Release|Any CPU
		{E9BE0EAE-0C99-438D-9D47-EAAC8699EE0F}.Release|Any CPU.Build.0 = Release|Any CPU
		{39C9C809-8975-4EF9-92A8-1D59F19E5172}.Debug|Any CPU.ActiveCfg = Debug|Any CPU
		{39C9C809-8975-4EF9-92A8-1D59F19E5172}.Debug|Any CPU.Build.0 = Debug|Any CPU
		{39C9C809-8975-4EF9-92A8-1D59F19E5172}.Release|Any CPU.ActiveCfg = Release|Any CPU
		{39C9C809-8975-4EF9-92A8-1D59F19E5172}.Release|Any CPU.Build.0 = Release|Any CPU
		{D82D4F5A-7D6E-4715-AE19-EDB97A98FDAA}.Debug|Any CPU.ActiveCfg = Debug|Any CPU
		{D82D4F5A-7D6E-4715-AE19-EDB97A98FDAA}.Debug|Any CPU.Build.0 = Debug|Any CPU
		{D82D4F5A-7D6E-4715-AE19-EDB97A98FDAA}.Release|Any CPU.ActiveCfg = Release|Any CPU
		{D82D4F5A-7D6E-4715-AE19-EDB97A98FDAA}.Release|Any CPU.Build.0 = Release|Any CPU
		{80E5A635-030B-48E3-AE5B-471618DB85B6}.Debug|Any CPU.ActiveCfg = Debug|Any CPU
		{80E5A635-030B-48E3-AE5B-471618DB85B6}.Debug|Any CPU.Build.0 = Debug|Any CPU
		{80E5A635-030B-48E3-AE5B-471618DB85B6}.Release|Any CPU.ActiveCfg = Release|Any CPU
		{80E5A635-030B-48E3-AE5B-471618DB85B6}.Release|Any CPU.Build.0 = Release|Any CPU
		{9A627442-9D3D-4CBC-AA7E-0C717FDAB7AE}.Debug|Any CPU.ActiveCfg = Debug|Any CPU
		{9A627442-9D3D-4CBC-AA7E-0C717FDAB7AE}.Debug|Any CPU.Build.0 = Debug|Any CPU
		{9A627442-9D3D-4CBC-AA7E-0C717FDAB7AE}.Release|Any CPU.ActiveCfg = Release|Any CPU
		{9A627442-9D3D-4CBC-AA7E-0C717FDAB7AE}.Release|Any CPU.Build.0 = Release|Any CPU
		{57C4F00D-4FAD-4060-9D7B-E17F0B8B44E4}.Debug|Any CPU.ActiveCfg = Debug|Any CPU
		{57C4F00D-4FAD-4060-9D7B-E17F0B8B44E4}.Debug|Any CPU.Build.0 = Debug|Any CPU
		{57C4F00D-4FAD-4060-9D7B-E17F0B8B44E4}.Release|Any CPU.ActiveCfg = Release|Any CPU
		{57C4F00D-4FAD-4060-9D7B-E17F0B8B44E4}.Release|Any CPU.Build.0 = Release|Any CPU
		{9822A921-E98D-4355-94D3-0FF2367049FA}.Debug|Any CPU.ActiveCfg = Debug|Any CPU
		{9822A921-E98D-4355-94D3-0FF2367049FA}.Debug|Any CPU.Build.0 = Debug|Any CPU
		{9822A921-E98D-4355-94D3-0FF2367049FA}.Release|Any CPU.ActiveCfg = Release|Any CPU
		{9822A921-E98D-4355-94D3-0FF2367049FA}.Release|Any CPU.Build.0 = Release|Any CPU
		{91F1D5DA-B246-47A3-AA3D-3625C7997B9F}.Debug|Any CPU.ActiveCfg = Debug|Any CPU
		{91F1D5DA-B246-47A3-AA3D-3625C7997B9F}.Debug|Any CPU.Build.0 = Debug|Any CPU
		{91F1D5DA-B246-47A3-AA3D-3625C7997B9F}.Release|Any CPU.ActiveCfg = Release|Any CPU
		{91F1D5DA-B246-47A3-AA3D-3625C7997B9F}.Release|Any CPU.Build.0 = Release|Any CPU
		{2802A9F0-1671-4FA9-855F-81ED59FA5CB8}.Debug|Any CPU.ActiveCfg = Debug|Any CPU
		{2802A9F0-1671-4FA9-855F-81ED59FA5CB8}.Debug|Any CPU.Build.0 = Debug|Any CPU
		{2802A9F0-1671-4FA9-855F-81ED59FA5CB8}.Release|Any CPU.ActiveCfg = Release|Any CPU
		{2802A9F0-1671-4FA9-855F-81ED59FA5CB8}.Release|Any CPU.Build.0 = Release|Any CPU
		{A4319F58-B8C9-4E60-8BF8-C126432528C5}.Debug|Any CPU.ActiveCfg = Debug|Any CPU
		{A4319F58-B8C9-4E60-8BF8-C126432528C5}.Debug|Any CPU.Build.0 = Debug|Any CPU
		{A4319F58-B8C9-4E60-8BF8-C126432528C5}.Release|Any CPU.ActiveCfg = Release|Any CPU
		{A4319F58-B8C9-4E60-8BF8-C126432528C5}.Release|Any CPU.Build.0 = Release|Any CPU
		{55314A9C-5A80-4973-9814-5C9C4EC68163}.Debug|Any CPU.ActiveCfg = Debug|Any CPU
		{55314A9C-5A80-4973-9814-5C9C4EC68163}.Debug|Any CPU.Build.0 = Debug|Any CPU
		{55314A9C-5A80-4973-9814-5C9C4EC68163}.Release|Any CPU.ActiveCfg = Release|Any CPU
		{55314A9C-5A80-4973-9814-5C9C4EC68163}.Release|Any CPU.Build.0 = Release|Any CPU
		{FDB973E9-3ED8-46A4-BB56-99B706BB50BB}.Debug|Any CPU.ActiveCfg = Debug|Any CPU
		{FDB973E9-3ED8-46A4-BB56-99B706BB50BB}.Debug|Any CPU.Build.0 = Debug|Any CPU
		{FDB973E9-3ED8-46A4-BB56-99B706BB50BB}.Release|Any CPU.ActiveCfg = Release|Any CPU
		{FDB973E9-3ED8-46A4-BB56-99B706BB50BB}.Release|Any CPU.Build.0 = Release|Any CPU
		{602932A6-FAFD-43E9-BEF9-3C8AEE673A7B}.Debug|Any CPU.ActiveCfg = Debug|Any CPU
		{602932A6-FAFD-43E9-BEF9-3C8AEE673A7B}.Debug|Any CPU.Build.0 = Debug|Any CPU
		{602932A6-FAFD-43E9-BEF9-3C8AEE673A7B}.Release|Any CPU.ActiveCfg = Release|Any CPU
		{602932A6-FAFD-43E9-BEF9-3C8AEE673A7B}.Release|Any CPU.Build.0 = Release|Any CPU
		{AF0FA595-8CE6-4914-AD65-9F1275D16F9E}.Debug|Any CPU.ActiveCfg = Debug|Any CPU
		{AF0FA595-8CE6-4914-AD65-9F1275D16F9E}.Debug|Any CPU.Build.0 = Debug|Any CPU
		{AF0FA595-8CE6-4914-AD65-9F1275D16F9E}.Release|Any CPU.ActiveCfg = Release|Any CPU
		{AF0FA595-8CE6-4914-AD65-9F1275D16F9E}.Release|Any CPU.Build.0 = Release|Any CPU
		{581E6CEE-70E2-4311-8B0D-E18A49C6F4D1}.Debug|Any CPU.ActiveCfg = Debug|Any CPU
		{581E6CEE-70E2-4311-8B0D-E18A49C6F4D1}.Debug|Any CPU.Build.0 = Debug|Any CPU
		{581E6CEE-70E2-4311-8B0D-E18A49C6F4D1}.Release|Any CPU.ActiveCfg = Release|Any CPU
		{581E6CEE-70E2-4311-8B0D-E18A49C6F4D1}.Release|Any CPU.Build.0 = Release|Any CPU
		{5AA0BA80-45C9-4A26-8003-06C6AC2D552A}.Debug|Any CPU.ActiveCfg = Debug|Any CPU
		{5AA0BA80-45C9-4A26-8003-06C6AC2D552A}.Debug|Any CPU.Build.0 = Debug|Any CPU
		{5AA0BA80-45C9-4A26-8003-06C6AC2D552A}.Release|Any CPU.ActiveCfg = Release|Any CPU
		{5AA0BA80-45C9-4A26-8003-06C6AC2D552A}.Release|Any CPU.Build.0 = Release|Any CPU
		{1D0E1047-6A44-43F9-B187-B62F5C97DD44}.Debug|Any CPU.ActiveCfg = Debug|Any CPU
		{1D0E1047-6A44-43F9-B187-B62F5C97DD44}.Debug|Any CPU.Build.0 = Debug|Any CPU
		{1D0E1047-6A44-43F9-B187-B62F5C97DD44}.Release|Any CPU.ActiveCfg = Release|Any CPU
		{1D0E1047-6A44-43F9-B187-B62F5C97DD44}.Release|Any CPU.Build.0 = Release|Any CPU
		{AEAD021F-DE24-44EC-B731-D5E2DEA958D7}.Debug|Any CPU.ActiveCfg = Debug|Any CPU
		{AEAD021F-DE24-44EC-B731-D5E2DEA958D7}.Debug|Any CPU.Build.0 = Debug|Any CPU
		{AEAD021F-DE24-44EC-B731-D5E2DEA958D7}.Release|Any CPU.ActiveCfg = Release|Any CPU
		{AEAD021F-DE24-44EC-B731-D5E2DEA958D7}.Release|Any CPU.Build.0 = Release|Any CPU
		{2C923459-B0E3-45E2-A7DC-717C3627DFB3}.Debug|Any CPU.ActiveCfg = Debug|Any CPU
		{2C923459-B0E3-45E2-A7DC-717C3627DFB3}.Debug|Any CPU.Build.0 = Debug|Any CPU
		{2C923459-B0E3-45E2-A7DC-717C3627DFB3}.Release|Any CPU.ActiveCfg = Release|Any CPU
		{2C923459-B0E3-45E2-A7DC-717C3627DFB3}.Release|Any CPU.Build.0 = Release|Any CPU
		{157332EA-6CF8-4633-98C7-96D69C8FA55C}.Debug|Any CPU.ActiveCfg = Debug|Any CPU
		{157332EA-6CF8-4633-98C7-96D69C8FA55C}.Debug|Any CPU.Build.0 = Debug|Any CPU
		{157332EA-6CF8-4633-98C7-96D69C8FA55C}.Release|Any CPU.ActiveCfg = Release|Any CPU
		{157332EA-6CF8-4633-98C7-96D69C8FA55C}.Release|Any CPU.Build.0 = Release|Any CPU
		{A8135275-E301-4327-8E92-ABBBF0D99577}.Debug|Any CPU.ActiveCfg = Debug|Any CPU
		{A8135275-E301-4327-8E92-ABBBF0D99577}.Debug|Any CPU.Build.0 = Debug|Any CPU
		{A8135275-E301-4327-8E92-ABBBF0D99577}.Release|Any CPU.ActiveCfg = Release|Any CPU
		{A8135275-E301-4327-8E92-ABBBF0D99577}.Release|Any CPU.Build.0 = Release|Any CPU
		{3484B8EA-D09B-4C24-9370-CC69EE8EBDFA}.Debug|Any CPU.ActiveCfg = Debug|Any CPU
		{3484B8EA-D09B-4C24-9370-CC69EE8EBDFA}.Debug|Any CPU.Build.0 = Debug|Any CPU
		{3484B8EA-D09B-4C24-9370-CC69EE8EBDFA}.Release|Any CPU.ActiveCfg = Release|Any CPU
		{3484B8EA-D09B-4C24-9370-CC69EE8EBDFA}.Release|Any CPU.Build.0 = Release|Any CPU
		{BE4E5A86-989B-4C05-8448-FD8043E9959D}.Debug|Any CPU.ActiveCfg = Debug|Any CPU
		{BE4E5A86-989B-4C05-8448-FD8043E9959D}.Debug|Any CPU.Build.0 = Debug|Any CPU
		{BE4E5A86-989B-4C05-8448-FD8043E9959D}.Release|Any CPU.ActiveCfg = Release|Any CPU
		{BE4E5A86-989B-4C05-8448-FD8043E9959D}.Release|Any CPU.Build.0 = Release|Any CPU
		{D43CD9B3-2852-4AF5-96F9-DD94E3C46B9F}.Debug|Any CPU.ActiveCfg = Debug|Any CPU
		{D43CD9B3-2852-4AF5-96F9-DD94E3C46B9F}.Debug|Any CPU.Build.0 = Debug|Any CPU
		{D43CD9B3-2852-4AF5-96F9-DD94E3C46B9F}.Release|Any CPU.ActiveCfg = Release|Any CPU
		{D43CD9B3-2852-4AF5-96F9-DD94E3C46B9F}.Release|Any CPU.Build.0 = Release|Any CPU
		{8B626EC9-B181-438C-8F26-AF7860FE564A}.Debug|Any CPU.ActiveCfg = Debug|Any CPU
		{8B626EC9-B181-438C-8F26-AF7860FE564A}.Debug|Any CPU.Build.0 = Debug|Any CPU
		{8B626EC9-B181-438C-8F26-AF7860FE564A}.Release|Any CPU.ActiveCfg = Release|Any CPU
		{8B626EC9-B181-438C-8F26-AF7860FE564A}.Release|Any CPU.Build.0 = Release|Any CPU
		{23A4A1DB-0490-48B9-A10F-E3B849EF2D2D}.Debug|Any CPU.ActiveCfg = Debug|Any CPU
		{23A4A1DB-0490-48B9-A10F-E3B849EF2D2D}.Debug|Any CPU.Build.0 = Debug|Any CPU
		{23A4A1DB-0490-48B9-A10F-E3B849EF2D2D}.Release|Any CPU.ActiveCfg = Release|Any CPU
		{23A4A1DB-0490-48B9-A10F-E3B849EF2D2D}.Release|Any CPU.Build.0 = Release|Any CPU
		{ADC333D5-E145-476A-9FB0-DEADAB984125}.Debug|Any CPU.ActiveCfg = Debug|Any CPU
		{ADC333D5-E145-476A-9FB0-DEADAB984125}.Debug|Any CPU.Build.0 = Debug|Any CPU
		{ADC333D5-E145-476A-9FB0-DEADAB984125}.Release|Any CPU.ActiveCfg = Release|Any CPU
		{ADC333D5-E145-476A-9FB0-DEADAB984125}.Release|Any CPU.Build.0 = Release|Any CPU
		{277AD50B-84B8-4EE5-B0DF-0EC1058231FF}.Debug|Any CPU.ActiveCfg = Debug|Any CPU
		{277AD50B-84B8-4EE5-B0DF-0EC1058231FF}.Debug|Any CPU.Build.0 = Debug|Any CPU
		{277AD50B-84B8-4EE5-B0DF-0EC1058231FF}.Release|Any CPU.ActiveCfg = Release|Any CPU
		{277AD50B-84B8-4EE5-B0DF-0EC1058231FF}.Release|Any CPU.Build.0 = Release|Any CPU
	EndGlobalSection
EndGlobal
