
Microsoft Visual Studio Solution File, Format Version 12.00
Project("{FAE04EC0-301F-11D3-BF4B-00C04F79EFBC}") = "Astrolabe.Common", "Astrolabe.Common\Astrolabe.Common.csproj", "{89795D0C-1C96-4DB4-B663-5D0529A43CFA}"
EndProject
Project("{FAE04EC0-301F-11D3-BF4B-00C04F79EFBC}") = "Astrolabe.TestTemplate", "Astrolabe.TestTemplate\Astrolabe.TestTemplate.csproj", "{8241904A-41CC-4237-938E-8D46871CDDA0}"
EndProject
Project("{FAE04EC0-301F-11D3-BF4B-00C04F79EFBC}") = "Astrolabe.JSON", "Astrolabe.JSON\Astrolabe.JSON.csproj", "{E9BE0EAE-0C99-438D-9D47-EAAC8699EE0F}"
EndProject
Project("{FAE04EC0-301F-11D3-BF4B-00C04F79EFBC}") = "Astrolabe.Schemas", "Astrolabe.Schemas\Astrolabe.Schemas.csproj", "{39C9C809-8975-4EF9-92A8-1D59F19E5172}"
EndProject
Project("{FAE04EC0-301F-11D3-BF4B-00C04F79EFBC}") = "Astrolabe.CodeGen", "Astrolabe.CodeGen\Astrolabe.CodeGen.csproj", "{D82D4F5A-7D6E-4715-AE19-EDB97A98FDAA}"
EndProject
Project("{FAE04EC0-301F-11D3-BF4B-00C04F79EFBC}") = "Astrolabe.Annotation", "Astrolabe.Annotation\Astrolabe.Annotation.csproj", "{80E5A635-030B-48E3-AE5B-471618DB85B6}"
EndProject
Project("{FAE04EC0-301F-11D3-BF4B-00C04F79EFBC}") = "Astrolabe.ColumnEditor", "Astrolabe.ColumnEditor\Astrolabe.ColumnEditor.csproj", "{9A627442-9D3D-4CBC-AA7E-0C717FDAB7AE}"
EndProject
Project("{FAE04EC0-301F-11D3-BF4B-00C04F79EFBC}") = "Astrolabe.ColumnEditor.Excel", "Astrolabe.ColumnEditor.Excel\Astrolabe.ColumnEditor.Excel.csproj", "{57C4F00D-4FAD-4060-9D7B-E17F0B8B44E4}"
EndProject
Project("{FAE04EC0-301F-11D3-BF4B-00C04F79EFBC}") = "Astrolabe.ColumnEditor.NewtonsoftJson", "Astrolabe.ColumnEditor.NewtonsoftJson\Astrolabe.ColumnEditor.NewtonsoftJson.csproj", "{9822A921-E98D-4355-94D3-0FF2367049FA}"
EndProject
Project("{FAE04EC0-301F-11D3-BF4B-00C04F79EFBC}") = "Astrolabe.ColumnEditor.STJ", "Astrolabe.ColumnEditor.STJ\Astrolabe.ColumnEditor.STJ.csproj", "{91F1D5DA-B246-47A3-AA3D-3625C7997B9F}"
EndProject
Project("{FAE04EC0-301F-11D3-BF4B-00C04F79EFBC}") = "Astrolabe.Email", "Astrolabe.Email\Astrolabe.Email.csproj", "{2802A9F0-1671-4FA9-855F-81ED59FA5CB8}"
EndProject
Project("{FAE04EC0-301F-11D3-BF4B-00C04F79EFBC}") = "Astrolabe.LocalUsers", "Astrolabe.LocalUsers\Astrolabe.LocalUsers.csproj", "{A4319F58-B8C9-4E60-8BF8-C126432528C5}"
EndProject
Project("{FAE04EC0-301F-11D3-BF4B-00C04F79EFBC}") = "Astrolabe.Schemas.CodeGen", "Astrolabe.Schemas.CodeGen\Astrolabe.Schemas.CodeGen.csproj", "{55314A9C-5A80-4973-9814-5C9C4EC68163}"
EndProject
Project("{FAE04EC0-301F-11D3-BF4B-00C04F79EFBC}") = "Astrolabe.Web.Common", "Astrolabe.Web.Common\Astrolabe.Web.Common.csproj", "{FDB973E9-3ED8-46A4-BB56-99B706BB50BB}"
EndProject
Project("{FAE04EC0-301F-11D3-BF4B-00C04F79EFBC}") = "Astrolabe.Workflow", "Astrolabe.Workflow\Astrolabe.Workflow.csproj", "{602932A6-FAFD-43E9-BEF9-3C8AEE673A7B}"
EndProject
Global
	GlobalSection(SolutionConfigurationPlatforms) = preSolution
		Debug|Any CPU = Debug|Any CPU
		Release|Any CPU = Release|Any CPU
	EndGlobalSection
	GlobalSection(ProjectConfigurationPlatforms) = postSolution
		{89795D0C-1C96-4DB4-B663-5D0529A43CFA}.Debug|Any CPU.ActiveCfg = Debug|Any CPU
		{89795D0C-1C96-4DB4-B663-5D0529A43CFA}.Debug|Any CPU.Build.0 = Debug|Any CPU
		{89795D0C-1C96-4DB4-B663-5D0529A43CFA}.Release|Any CPU.ActiveCfg = Release|Any CPU
		{89795D0C-1C96-4DB4-B663-5D0529A43CFA}.Release|Any CPU.Build.0 = Release|Any CPU
		{8241904A-41CC-4237-938E-8D46871CDDA0}.Debug|Any CPU.ActiveCfg = Debug|Any CPU
		{8241904A-41CC-4237-938E-8D46871CDDA0}.Debug|Any CPU.Build.0 = Debug|Any CPU
		{8241904A-41CC-4237-938E-8D46871CDDA0}.Release|Any CPU.ActiveCfg = Release|Any CPU
		{8241904A-41CC-4237-938E-8D46871CDDA0}.Release|Any CPU.Build.0 = Release|Any CPU
		{E9BE0EAE-0C99-438D-9D47-EAAC8699EE0F}.Debug|Any CPU.ActiveCfg = Debug|Any CPU
		{E9BE0EAE-0C99-438D-9D47-EAAC8699EE0F}.Debug|Any CPU.Build.0 = Debug|Any CPU
		{E9BE0EAE-0C99-438D-9D47-EAAC8699EE0F}.Release|Any CPU.ActiveCfg = Release|Any CPU
		{E9BE0EAE-0C99-438D-9D47-EAAC8699EE0F}.Release|Any CPU.Build.0 = Release|Any CPU
		{39C9C809-8975-4EF9-92A8-1D59F19E5172}.Debug|Any CPU.ActiveCfg = Debug|Any CPU
		{39C9C809-8975-4EF9-92A8-1D59F19E5172}.Debug|Any CPU.Build.0 = Debug|Any CPU
		{39C9C809-8975-4EF9-92A8-1D59F19E5172}.Release|Any CPU.ActiveCfg = Release|Any CPU
		{39C9C809-8975-4EF9-92A8-1D59F19E5172}.Release|Any CPU.Build.0 = Release|Any CPU
		{D82D4F5A-7D6E-4715-AE19-EDB97A98FDAA}.Debug|Any CPU.ActiveCfg = Debug|Any CPU
		{D82D4F5A-7D6E-4715-AE19-EDB97A98FDAA}.Debug|Any CPU.Build.0 = Debug|Any CPU
		{D82D4F5A-7D6E-4715-AE19-EDB97A98FDAA}.Release|Any CPU.ActiveCfg = Release|Any CPU
		{D82D4F5A-7D6E-4715-AE19-EDB97A98FDAA}.Release|Any CPU.Build.0 = Release|Any CPU
		{80E5A635-030B-48E3-AE5B-471618DB85B6}.Debug|Any CPU.ActiveCfg = Debug|Any CPU
		{80E5A635-030B-48E3-AE5B-471618DB85B6}.Debug|Any CPU.Build.0 = Debug|Any CPU
		{80E5A635-030B-48E3-AE5B-471618DB85B6}.Release|Any CPU.ActiveCfg = Release|Any CPU
		{80E5A635-030B-48E3-AE5B-471618DB85B6}.Release|Any CPU.Build.0 = Release|Any CPU
		{9A627442-9D3D-4CBC-AA7E-0C717FDAB7AE}.Debug|Any CPU.ActiveCfg = Debug|Any CPU
		{9A627442-9D3D-4CBC-AA7E-0C717FDAB7AE}.Debug|Any CPU.Build.0 = Debug|Any CPU
		{9A627442-9D3D-4CBC-AA7E-0C717FDAB7AE}.Release|Any CPU.ActiveCfg = Release|Any CPU
		{9A627442-9D3D-4CBC-AA7E-0C717FDAB7AE}.Release|Any CPU.Build.0 = Release|Any CPU
		{57C4F00D-4FAD-4060-9D7B-E17F0B8B44E4}.Debug|Any CPU.ActiveCfg = Debug|Any CPU
		{57C4F00D-4FAD-4060-9D7B-E17F0B8B44E4}.Debug|Any CPU.Build.0 = Debug|Any CPU
		{57C4F00D-4FAD-4060-9D7B-E17F0B8B44E4}.Release|Any CPU.ActiveCfg = Release|Any CPU
		{57C4F00D-4FAD-4060-9D7B-E17F0B8B44E4}.Release|Any CPU.Build.0 = Release|Any CPU
		{9822A921-E98D-4355-94D3-0FF2367049FA}.Debug|Any CPU.ActiveCfg = Debug|Any CPU
		{9822A921-E98D-4355-94D3-0FF2367049FA}.Debug|Any CPU.Build.0 = Debug|Any CPU
		{9822A921-E98D-4355-94D3-0FF2367049FA}.Release|Any CPU.ActiveCfg = Release|Any CPU
		{9822A921-E98D-4355-94D3-0FF2367049FA}.Release|Any CPU.Build.0 = Release|Any CPU
		{91F1D5DA-B246-47A3-AA3D-3625C7997B9F}.Debug|Any CPU.ActiveCfg = Debug|Any CPU
		{91F1D5DA-B246-47A3-AA3D-3625C7997B9F}.Debug|Any CPU.Build.0 = Debug|Any CPU
		{91F1D5DA-B246-47A3-AA3D-3625C7997B9F}.Release|Any CPU.ActiveCfg = Release|Any CPU
		{91F1D5DA-B246-47A3-AA3D-3625C7997B9F}.Release|Any CPU.Build.0 = Release|Any CPU
		{2802A9F0-1671-4FA9-855F-81ED59FA5CB8}.Debug|Any CPU.ActiveCfg = Debug|Any CPU
		{2802A9F0-1671-4FA9-855F-81ED59FA5CB8}.Debug|Any CPU.Build.0 = Debug|Any CPU
		{2802A9F0-1671-4FA9-855F-81ED59FA5CB8}.Release|Any CPU.ActiveCfg = Release|Any CPU
		{2802A9F0-1671-4FA9-855F-81ED59FA5CB8}.Release|Any CPU.Build.0 = Release|Any CPU
		{A4319F58-B8C9-4E60-8BF8-C126432528C5}.Debug|Any CPU.ActiveCfg = Debug|Any CPU
		{A4319F58-B8C9-4E60-8BF8-C126432528C5}.Debug|Any CPU.Build.0 = Debug|Any CPU
		{A4319F58-B8C9-4E60-8BF8-C126432528C5}.Release|Any CPU.ActiveCfg = Release|Any CPU
		{A4319F58-B8C9-4E60-8BF8-C126432528C5}.Release|Any CPU.Build.0 = Release|Any CPU
		{55314A9C-5A80-4973-9814-5C9C4EC68163}.Debug|Any CPU.ActiveCfg = Debug|Any CPU
		{55314A9C-5A80-4973-9814-5C9C4EC68163}.Debug|Any CPU.Build.0 = Debug|Any CPU
		{55314A9C-5A80-4973-9814-5C9C4EC68163}.Release|Any CPU.ActiveCfg = Release|Any CPU
		{55314A9C-5A80-4973-9814-5C9C4EC68163}.Release|Any CPU.Build.0 = Release|Any CPU
		{FDB973E9-3ED8-46A4-BB56-99B706BB50BB}.Debug|Any CPU.ActiveCfg = Debug|Any CPU
		{FDB973E9-3ED8-46A4-BB56-99B706BB50BB}.Debug|Any CPU.Build.0 = Debug|Any CPU
		{FDB973E9-3ED8-46A4-BB56-99B706BB50BB}.Release|Any CPU.ActiveCfg = Release|Any CPU
		{FDB973E9-3ED8-46A4-BB56-99B706BB50BB}.Release|Any CPU.Build.0 = Release|Any CPU
		{602932A6-FAFD-43E9-BEF9-3C8AEE673A7B}.Debug|Any CPU.ActiveCfg = Debug|Any CPU
		{602932A6-FAFD-43E9-BEF9-3C8AEE673A7B}.Debug|Any CPU.Build.0 = Debug|Any CPU
		{602932A6-FAFD-43E9-BEF9-3C8AEE673A7B}.Release|Any CPU.ActiveCfg = Release|Any CPU
		{602932A6-FAFD-43E9-BEF9-3C8AEE673A7B}.Release|Any CPU.Build.0 = Release|Any CPU
	EndGlobalSection
EndGlobal
